
Microsoft Visual Studio Solution File, Format Version 12.00
# Visual Studio Version 16
VisualStudioVersion = 16.0.29519.181
MinimumVisualStudioVersion = 10.0.40219.1
Project("{FAE04EC0-301F-11D3-BF4B-00C04F79EFBC}") = "NUnitTestProject1", "NUnitTestProject1\NUnitTestProject1.csproj", "{3D6CB164-6FDC-4E82-85F1-6EC3134BD691}"
EndProject
Global
	GlobalSection(SolutionConfigurationPlatforms) = preSolution
		Debug|Any CPU = Debug|Any CPU
		Release|Any CPU = Release|Any CPU
	EndGlobalSection
	GlobalSection(ProjectConfigurationPlatforms) = postSolution
		{3D6CB164-6FDC-4E82-85F1-6EC3134BD691}.Debug|Any CPU.ActiveCfg = Debug|Any CPU
		{3D6CB164-6FDC-4E82-85F1-6EC3134BD691}.Debug|Any CPU.Build.0 = Debug|Any CPU
		{3D6CB164-6FDC-4E82-85F1-6EC3134BD691}.Release|Any CPU.ActiveCfg = Release|Any CPU
		{3D6CB164-6FDC-4E82-85F1-6EC3134BD691}.Release|Any CPU.Build.0 = Release|Any CPU
	EndGlobalSection
	GlobalSection(SolutionProperties) = preSolution
		HideSolutionNode = FALSE
	EndGlobalSection
	GlobalSection(ExtensibilityGlobals) = postSolution
		SolutionGuid = {2E5B2F8E-E9C1-4B2F-8B17-54F449373A67}
	EndGlobalSection
EndGlobal
